
Microsoft Visual Studio Solution File, Format Version 12.00
# Visual Studio Version 16
VisualStudioVersion = 16.0.29306.81
MinimumVisualStudioVersion = 10.0.40219.1
Project("{9A19103F-16F7-4668-BE54-9A1E7A4F7556}") = "ITP1", "ITP1\ITP1.csproj", "{09DC1991-9C7B-49F1-9A5B-FA25B950AEBD}"
EndProject
Global
	GlobalSection(SolutionConfigurationPlatforms) = preSolution
		Debug|Any CPU = Debug|Any CPU
		Release|Any CPU = Release|Any CPU
	EndGlobalSection
	GlobalSection(ProjectConfigurationPlatforms) = postSolution
		{09DC1991-9C7B-49F1-9A5B-FA25B950AEBD}.Debug|Any CPU.ActiveCfg = Debug|Any CPU
		{09DC1991-9C7B-49F1-9A5B-FA25B950AEBD}.Debug|Any CPU.Build.0 = Debug|Any CPU
		{09DC1991-9C7B-49F1-9A5B-FA25B950AEBD}.Release|Any CPU.ActiveCfg = Release|Any CPU
		{09DC1991-9C7B-49F1-9A5B-FA25B950AEBD}.Release|Any CPU.Build.0 = Release|Any CPU
	EndGlobalSection
	GlobalSection(SolutionProperties) = preSolution
		HideSolutionNode = FALSE
	EndGlobalSection
	GlobalSection(ExtensibilityGlobals) = postSolution
		SolutionGuid = {0409C2E2-90C4-4CD2-ABF0-E58871127348}
	EndGlobalSection
EndGlobal
